
Microsoft Visual Studio Solution File, Format Version 12.00
# Visual Studio Version 17
VisualStudioVersion = 17.5.33530.505
MinimumVisualStudioVersion = 10.0.40219.1
Project("{FAE04EC0-301F-11D3-BF4B-00C04F79EFBC}") = "JogoDoClick", "JogoDoClick\JogoDoClick.csproj", "{66384700-22E6-4983-9E74-8871528E0941}"
EndProject
Project("{2150E333-8FDC-42A3-9474-1A3956D46DE8}") = "Classes", "Classes", "{313564B2-9ACA-4621-8F8E-F912E96AE82E}"
	ProjectSection(SolutionItems) = preProject
		JogoDoClick\GerarBotoes.cs = JogoDoClick\GerarBotoes.cs
		JogoDoClick\Program.cs = JogoDoClick\Program.cs
	EndProjectSection
EndProject
Global
	GlobalSection(SolutionConfigurationPlatforms) = preSolution
		Debug|Any CPU = Debug|Any CPU
		Release|Any CPU = Release|Any CPU
	EndGlobalSection
	GlobalSection(ProjectConfigurationPlatforms) = postSolution
		{66384700-22E6-4983-9E74-8871528E0941}.Debug|Any CPU.ActiveCfg = Debug|Any CPU
		{66384700-22E6-4983-9E74-8871528E0941}.Debug|Any CPU.Build.0 = Debug|Any CPU
		{66384700-22E6-4983-9E74-8871528E0941}.Release|Any CPU.ActiveCfg = Release|Any CPU
		{66384700-22E6-4983-9E74-8871528E0941}.Release|Any CPU.Build.0 = Release|Any CPU
	EndGlobalSection
	GlobalSection(SolutionProperties) = preSolution
		HideSolutionNode = FALSE
	EndGlobalSection
	GlobalSection(ExtensibilityGlobals) = postSolution
		SolutionGuid = {E75CC91C-E293-4BB1-83EC-88B0D3A594D6}
	EndGlobalSection
EndGlobal
